
Microsoft Visual Studio Solution File, Format Version 12.00
# Visual Studio Version 17
VisualStudioVersion = 17.2.32616.157
MinimumVisualStudioVersion = 10.0.40219.1
Project("{FAE04EC0-301F-11D3-BF4B-00C04F79EFBC}") = "ConsoleIO", "ConsoleIO\ConsoleIO.csproj", "{500EAB24-566E-441C-B349-1963FE892572}"
EndProject
Global
	GlobalSection(SolutionConfigurationPlatforms) = preSolution
		Debug|Any CPU = Debug|Any CPU
		Release|Any CPU = Release|Any CPU
	EndGlobalSection
	GlobalSection(ProjectConfigurationPlatforms) = postSolution
		{500EAB24-566E-441C-B349-1963FE892572}.Debug|Any CPU.ActiveCfg = Debug|Any CPU
		{500EAB24-566E-441C-B349-1963FE892572}.Debug|Any CPU.Build.0 = Debug|Any CPU
		{500EAB24-566E-441C-B349-1963FE892572}.Release|Any CPU.ActiveCfg = Release|Any CPU
		{500EAB24-566E-441C-B349-1963FE892572}.Release|Any CPU.Build.0 = Release|Any CPU
	EndGlobalSection
	GlobalSection(SolutionProperties) = preSolution
		HideSolutionNode = FALSE
	EndGlobalSection
	GlobalSection(ExtensibilityGlobals) = postSolution
		SolutionGuid = {3E6C0254-9344-4D95-8B4A-A4D187BC37A8}
	EndGlobalSection
EndGlobal
